// !$*UTF8*$!
{
	archiveVersion = 1;
	classes = {
	};
	objectVersion = 46;
	objects = {

/* Begin PBXBuildFile section */
		9809F5591CF49B990033D253 /* CSRefreshBaseView.swift in Sources */ = {isa = PBXBuildFile; fileRef = 9809F5581CF49B990033D253 /* CSRefreshBaseView.swift */; };
		9809F55B1CF4A6CB0033D253 /* CSRefreshConst.swift in Sources */ = {isa = PBXBuildFile; fileRef = 9809F55A1CF4A6CB0033D253 /* CSRefreshConst.swift */; };
		98B9D10D1CF28DC100E56032 /* AppDelegate.swift in Sources */ = {isa = PBXBuildFile; fileRef = 98B9D10C1CF28DC100E56032 /* AppDelegate.swift */; };
		98B9D1141CF28DC200E56032 /* Assets.xcassets in Resources */ = {isa = PBXBuildFile; fileRef = 98B9D1131CF28DC200E56032 /* Assets.xcassets */; };
		98B9D1171CF28DC200E56032 /* LaunchScreen.storyboard in Resources */ = {isa = PBXBuildFile; fileRef = 98B9D1151CF28DC200E56032 /* LaunchScreen.storyboard */; };
		98B9D1221CF28DC200E56032 /* CSRefreshTests.swift in Sources */ = {isa = PBXBuildFile; fileRef = 98B9D1211CF28DC200E56032 /* CSRefreshTests.swift */; };
		98B9D12D1CF28DC200E56032 /* CSRefreshUITests.swift in Sources */ = {isa = PBXBuildFile; fileRef = 98B9D12C1CF28DC200E56032 /* CSRefreshUITests.swift */; };
		98B9D1721CF2902B00E56032 /* MJRefresh.bundle in Resources */ = {isa = PBXBuildFile; fileRef = 98B9D1621CF2902B00E56032 /* MJRefresh.bundle */; };
		98B9D1731CF2902B00E56032 /* MJRefreshBaseView.m in Sources */ = {isa = PBXBuildFile; fileRef = 98B9D1651CF2902B00E56032 /* MJRefreshBaseView.m */; };
		98B9D1741CF2902B00E56032 /* MJRefreshConst.m in Sources */ = {isa = PBXBuildFile; fileRef = 98B9D1671CF2902B00E56032 /* MJRefreshConst.m */; };
		98B9D1751CF2902B00E56032 /* MJRefreshFooterView.m in Sources */ = {isa = PBXBuildFile; fileRef = 98B9D1691CF2902B00E56032 /* MJRefreshFooterView.m */; };
		98B9D1761CF2902B00E56032 /* MJRefreshHeaderView.m in Sources */ = {isa = PBXBuildFile; fileRef = 98B9D16B1CF2902B00E56032 /* MJRefreshHeaderView.m */; };
		98B9D1771CF2902B00E56032 /* UIScrollView+MJExtension.m in Sources */ = {isa = PBXBuildFile; fileRef = 98B9D16D1CF2902B00E56032 /* UIScrollView+MJExtension.m */; };
		98B9D1781CF2902B00E56032 /* UIScrollView+MJRefresh.m in Sources */ = {isa = PBXBuildFile; fileRef = 98B9D16F1CF2902B00E56032 /* UIScrollView+MJRefresh.m */; };
		98B9D1791CF2902B00E56032 /* UIView+MJExtension.m in Sources */ = {isa = PBXBuildFile; fileRef = 98B9D1711CF2902B00E56032 /* UIView+MJExtension.m */; };
		98B9D17B1CF2906F00E56032 /* UIScrollView+CSRefresh.swift in Sources */ = {isa = PBXBuildFile; fileRef = 98B9D17A1CF2906F00E56032 /* UIScrollView+CSRefresh.swift */; };
		98B9D1981CF3552B00E56032 /* UIView+CSRefresh.swift in Sources */ = {isa = PBXBuildFile; fileRef = 98B9D1971CF3552B00E56032 /* UIView+CSRefresh.swift */; };
/* End PBXBuildFile section */

/* Begin PBXContainerItemProxy section */
		98B9D11E1CF28DC200E56032 /* PBXContainerItemProxy */ = {
			isa = PBXContainerItemProxy;
			containerPortal = 98B9D1011CF28DC100E56032 /* Project object */;
			proxyType = 1;
			remoteGlobalIDString = 98B9D1081CF28DC100E56032;
			remoteInfo = CSRefresh;
		};
		98B9D1291CF28DC200E56032 /* PBXContainerItemProxy */ = {
			isa = PBXContainerItemProxy;
			containerPortal = 98B9D1011CF28DC100E56032 /* Project object */;
			proxyType = 1;
			remoteGlobalIDString = 98B9D1081CF28DC100E56032;
			remoteInfo = CSRefresh;
		};
/* End PBXContainerItemProxy section */

/* Begin PBXFileReference section */
		9809F5581CF49B990033D253 /* CSRefreshBaseView.swift */ = {isa = PBXFileReference; fileEncoding = 4; lastKnownFileType = sourcecode.swift; path = CSRefreshBaseView.swift; sourceTree = "<group>"; };
		9809F55A1CF4A6CB0033D253 /* CSRefreshConst.swift */ = {isa = PBXFileReference; fileEncoding = 4; lastKnownFileType = sourcecode.swift; path = CSRefreshConst.swift; sourceTree = "<group>"; };
		98B9D1091CF28DC100E56032 /* CSRefresh.app */ = {isa = PBXFileReference; explicitFileType = wrapper.application; includeInIndex = 0; path = CSRefresh.app; sourceTree = BUILT_PRODUCTS_DIR; };
		98B9D10C1CF28DC100E56032 /* AppDelegate.swift */ = {isa = PBXFileReference; lastKnownFileType = sourcecode.swift; path = AppDelegate.swift; sourceTree = "<group>"; };
		98B9D1131CF28DC200E56032 /* Assets.xcassets */ = {isa = PBXFileReference; lastKnownFileType = folder.assetcatalog; path = Assets.xcassets; sourceTree = "<group>"; };
		98B9D1161CF28DC200E56032 /* Base */ = {isa = PBXFileReference; lastKnownFileType = file.storyboard; name = Base; path = Base.lproj/LaunchScreen.storyboard; sourceTree = "<group>"; };
		98B9D1181CF28DC200E56032 /* Info.plist */ = {isa = PBXFileReference; lastKnownFileType = text.plist.xml; path = Info.plist; sourceTree = "<group>"; };
		98B9D11D1CF28DC200E56032 /* CSRefreshTests.xctest */ = {isa = PBXFileReference; explicitFileType = wrapper.cfbundle; includeInIndex = 0; path = CSRefreshTests.xctest; sourceTree = BUILT_PRODUCTS_DIR; };
		98B9D1211CF28DC200E56032 /* CSRefreshTests.swift */ = {isa = PBXFileReference; lastKnownFileType = sourcecode.swift; path = CSRefreshTests.swift; sourceTree = "<group>"; };
		98B9D1231CF28DC200E56032 /* Info.plist */ = {isa = PBXFileReference; lastKnownFileType = text.plist.xml; path = Info.plist; sourceTree = "<group>"; };
		98B9D1281CF28DC200E56032 /* CSRefreshUITests.xctest */ = {isa = PBXFileReference; explicitFileType = wrapper.cfbundle; includeInIndex = 0; path = CSRefreshUITests.xctest; sourceTree = BUILT_PRODUCTS_DIR; };
		98B9D12C1CF28DC200E56032 /* CSRefreshUITests.swift */ = {isa = PBXFileReference; lastKnownFileType = sourcecode.swift; path = CSRefreshUITests.swift; sourceTree = "<group>"; };
		98B9D12E1CF28DC200E56032 /* Info.plist */ = {isa = PBXFileReference; lastKnownFileType = text.plist.xml; path = Info.plist; sourceTree = "<group>"; };
		98B9D15D1CF28FEB00E56032 /* CSRefresh-Bridging-Header.h */ = {isa = PBXFileReference; lastKnownFileType = sourcecode.c.h; path = "CSRefresh-Bridging-Header.h"; sourceTree = "<group>"; };
		98B9D1621CF2902B00E56032 /* MJRefresh.bundle */ = {isa = PBXFileReference; lastKnownFileType = "wrapper.plug-in"; path = MJRefresh.bundle; sourceTree = "<group>"; };
		98B9D1631CF2902B00E56032 /* MJRefresh.h */ = {isa = PBXFileReference; fileEncoding = 4; lastKnownFileType = sourcecode.c.h; path = MJRefresh.h; sourceTree = "<group>"; };
		98B9D1641CF2902B00E56032 /* MJRefreshBaseView.h */ = {isa = PBXFileReference; fileEncoding = 4; lastKnownFileType = sourcecode.c.h; path = MJRefreshBaseView.h; sourceTree = "<group>"; };
		98B9D1651CF2902B00E56032 /* MJRefreshBaseView.m */ = {isa = PBXFileReference; fileEncoding = 4; lastKnownFileType = sourcecode.c.objc; path = MJRefreshBaseView.m; sourceTree = "<group>"; };
		98B9D1661CF2902B00E56032 /* MJRefreshConst.h */ = {isa = PBXFileReference; fileEncoding = 4; lastKnownFileType = sourcecode.c.h; path = MJRefreshConst.h; sourceTree = "<group>"; };
		98B9D1671CF2902B00E56032 /* MJRefreshConst.m */ = {isa = PBXFileReference; fileEncoding = 4; lastKnownFileType = sourcecode.c.objc; path = MJRefreshConst.m; sourceTree = "<group>"; };
		98B9D1681CF2902B00E56032 /* MJRefreshFooterView.h */ = {isa = PBXFileReference; fileEncoding = 4; lastKnownFileType = sourcecode.c.h; path = MJRefreshFooterView.h; sourceTree = "<group>"; };
		98B9D1691CF2902B00E56032 /* MJRefreshFooterView.m */ = {isa = PBXFileReference; fileEncoding = 4; lastKnownFileType = sourcecode.c.objc; path = MJRefreshFooterView.m; sourceTree = "<group>"; };
		98B9D16A1CF2902B00E56032 /* MJRefreshHeaderView.h */ = {isa = PBXFileReference; fileEncoding = 4; lastKnownFileType = sourcecode.c.h; path = MJRefreshHeaderView.h; sourceTree = "<group>"; };
		98B9D16B1CF2902B00E56032 /* MJRefreshHeaderView.m */ = {isa = PBXFileReference; fileEncoding = 4; lastKnownFileType = sourcecode.c.objc; path = MJRefreshHeaderView.m; sourceTree = "<group>"; };
		98B9D16C1CF2902B00E56032 /* UIScrollView+MJExtension.h */ = {isa = PBXFileReference; fileEncoding = 4; lastKnownFileType = sourcecode.c.h; path = "UIScrollView+MJExtension.h"; sourceTree = "<group>"; };
		98B9D16D1CF2902B00E56032 /* UIScrollView+MJExtension.m */ = {isa = PBXFileReference; fileEncoding = 4; lastKnownFileType = sourcecode.c.objc; path = "UIScrollView+MJExtension.m"; sourceTree = "<group>"; };
		98B9D16E1CF2902B00E56032 /* UIScrollView+MJRefresh.h */ = {isa = PBXFileReference; fileEncoding = 4; lastKnownFileType = sourcecode.c.h; path = "UIScrollView+MJRefresh.h"; sourceTree = "<group>"; };
		98B9D16F1CF2902B00E56032 /* UIScrollView+MJRefresh.m */ = {isa = PBXFileReference; fileEncoding = 4; lastKnownFileType = sourcecode.c.objc; path = "UIScrollView+MJRefresh.m"; sourceTree = "<group>"; };
		98B9D1701CF2902B00E56032 /* UIView+MJExtension.h */ = {isa = PBXFileReference; fileEncoding = 4; lastKnownFileType = sourcecode.c.h; path = "UIView+MJExtension.h"; sourceTree = "<group>"; };
		98B9D1711CF2902B00E56032 /* UIView+MJExtension.m */ = {isa = PBXFileReference; fileEncoding = 4; lastKnownFileType = sourcecode.c.objc; path = "UIView+MJExtension.m"; sourceTree = "<group>"; };
		98B9D17A1CF2906F00E56032 /* UIScrollView+CSRefresh.swift */ = {isa = PBXFileReference; fileEncoding = 4; lastKnownFileType = sourcecode.swift; path = "UIScrollView+CSRefresh.swift"; sourceTree = "<group>"; };
		98B9D1971CF3552B00E56032 /* UIView+CSRefresh.swift */ = {isa = PBXFileReference; fileEncoding = 4; lastKnownFileType = sourcecode.swift; path = "UIView+CSRefresh.swift"; sourceTree = "<group>"; };
/* End PBXFileReference section */

/* Begin PBXFrameworksBuildPhase section */
		98B9D1061CF28DC100E56032 /* Frameworks */ = {
			isa = PBXFrameworksBuildPhase;
			buildActionMask = 2147483647;
			files = (
			);
			runOnlyForDeploymentPostprocessing = 0;
		};
		98B9D11A1CF28DC200E56032 /* Frameworks */ = {
			isa = PBXFrameworksBuildPhase;
			buildActionMask = 2147483647;
			files = (
			);
			runOnlyForDeploymentPostprocessing = 0;
		};
		98B9D1251CF28DC200E56032 /* Frameworks */ = {
			isa = PBXFrameworksBuildPhase;
			buildActionMask = 2147483647;
			files = (
			);
			runOnlyForDeploymentPostprocessing = 0;
		};
/* End PBXFrameworksBuildPhase section */

/* Begin PBXGroup section */
		98B9D1001CF28DC100E56032 = {
			isa = PBXGroup;
			children = (
				98B9D10B1CF28DC100E56032 /* CSRefresh */,
				98B9D1201CF28DC200E56032 /* CSRefreshTests */,
				98B9D12B1CF28DC200E56032 /* CSRefreshUITests */,
				98B9D10A1CF28DC100E56032 /* Products */,
			);
			sourceTree = "<group>";
		};
		98B9D10A1CF28DC100E56032 /* Products */ = {
			isa = PBXGroup;
			children = (
				98B9D1091CF28DC100E56032 /* CSRefresh.app */,
				98B9D11D1CF28DC200E56032 /* CSRefreshTests.xctest */,
				98B9D1281CF28DC200E56032 /* CSRefreshUITests.xctest */,
			);
			name = Products;
			sourceTree = "<group>";
		};
		98B9D10B1CF28DC100E56032 /* CSRefresh */ = {
			isa = PBXGroup;
			children = (
				98B9D1611CF2902B00E56032 /* MJRefresh */,
				98B9D13A1CF28E0300E56032 /* CSRefresh */,
				98B9D10C1CF28DC100E56032 /* AppDelegate.swift */,
				98B9D1131CF28DC200E56032 /* Assets.xcassets */,
				98B9D1151CF28DC200E56032 /* LaunchScreen.storyboard */,
				98B9D1181CF28DC200E56032 /* Info.plist */,
				98B9D15D1CF28FEB00E56032 /* CSRefresh-Bridging-Header.h */,
			);
			path = CSRefresh;
			sourceTree = "<group>";
		};
		98B9D1201CF28DC200E56032 /* CSRefreshTests */ = {
			isa = PBXGroup;
			children = (
				98B9D1211CF28DC200E56032 /* CSRefreshTests.swift */,
				98B9D1231CF28DC200E56032 /* Info.plist */,
			);
			path = CSRefreshTests;
			sourceTree = "<group>";
		};
		98B9D12B1CF28DC200E56032 /* CSRefreshUITests */ = {
			isa = PBXGroup;
			children = (
				98B9D12C1CF28DC200E56032 /* CSRefreshUITests.swift */,
				98B9D12E1CF28DC200E56032 /* Info.plist */,
			);
			path = CSRefreshUITests;
			sourceTree = "<group>";
		};
		98B9D13A1CF28E0300E56032 /* CSRefresh */ = {
			isa = PBXGroup;
			children = (
				98B9D17A1CF2906F00E56032 /* UIScrollView+CSRefresh.swift */,
				98B9D1971CF3552B00E56032 /* UIView+CSRefresh.swift */,
				9809F5581CF49B990033D253 /* CSRefreshBaseView.swift */,
				9809F55A1CF4A6CB0033D253 /* CSRefreshConst.swift */,
			);
			path = CSRefresh;
			sourceTree = "<group>";
		};
		98B9D1611CF2902B00E56032 /* MJRefresh */ = {
			isa = PBXGroup;
			children = (
				98B9D1621CF2902B00E56032 /* MJRefresh.bundle */,
				98B9D1631CF2902B00E56032 /* MJRefresh.h */,
				98B9D1641CF2902B00E56032 /* MJRefreshBaseView.h */,
				98B9D1651CF2902B00E56032 /* MJRefreshBaseView.m */,
				98B9D1661CF2902B00E56032 /* MJRefreshConst.h */,
				98B9D1671CF2902B00E56032 /* MJRefreshConst.m */,
				98B9D1681CF2902B00E56032 /* MJRefreshFooterView.h */,
				98B9D1691CF2902B00E56032 /* MJRefreshFooterView.m */,
				98B9D16A1CF2902B00E56032 /* MJRefreshHeaderView.h */,
				98B9D16B1CF2902B00E56032 /* MJRefreshHeaderView.m */,
				98B9D16C1CF2902B00E56032 /* UIScrollView+MJExtension.h */,
				98B9D16D1CF2902B00E56032 /* UIScrollView+MJExtension.m */,
				98B9D16E1CF2902B00E56032 /* UIScrollView+MJRefresh.h */,
				98B9D16F1CF2902B00E56032 /* UIScrollView+MJRefresh.m */,
				98B9D1701CF2902B00E56032 /* UIView+MJExtension.h */,
				98B9D1711CF2902B00E56032 /* UIView+MJExtension.m */,
			);
			path = MJRefresh;
			sourceTree = SOURCE_ROOT;
		};
/* End PBXGroup section */

/* Begin PBXNativeTarget section */
		98B9D1081CF28DC100E56032 /* CSRefresh */ = {
			isa = PBXNativeTarget;
			buildConfigurationList = 98B9D1311CF28DC200E56032 /* Build configuration list for PBXNativeTarget "CSRefresh" */;
			buildPhases = (
				98B9D1051CF28DC100E56032 /* Sources */,
				98B9D1061CF28DC100E56032 /* Frameworks */,
				98B9D1071CF28DC100E56032 /* Resources */,
			);
			buildRules = (
			);
			dependencies = (
			);
			name = CSRefresh;
			productName = CSRefresh;
			productReference = 98B9D1091CF28DC100E56032 /* CSRefresh.app */;
			productType = "com.apple.product-type.application";
		};
		98B9D11C1CF28DC200E56032 /* CSRefreshTests */ = {
			isa = PBXNativeTarget;
			buildConfigurationList = 98B9D1341CF28DC200E56032 /* Build configuration list for PBXNativeTarget "CSRefreshTests" */;
			buildPhases = (
				98B9D1191CF28DC200E56032 /* Sources */,
				98B9D11A1CF28DC200E56032 /* Frameworks */,
				98B9D11B1CF28DC200E56032 /* Resources */,
			);
			buildRules = (
			);
			dependencies = (
				98B9D11F1CF28DC200E56032 /* PBXTargetDependency */,
			);
			name = CSRefreshTests;
			productName = CSRefreshTests;
			productReference = 98B9D11D1CF28DC200E56032 /* CSRefreshTests.xctest */;
			productType = "com.apple.product-type.bundle.unit-test";
		};
		98B9D1271CF28DC200E56032 /* CSRefreshUITests */ = {
			isa = PBXNativeTarget;
			buildConfigurationList = 98B9D1371CF28DC200E56032 /* Build configuration list for PBXNativeTarget "CSRefreshUITests" */;
			buildPhases = (
				98B9D1241CF28DC200E56032 /* Sources */,
				98B9D1251CF28DC200E56032 /* Frameworks */,
				98B9D1261CF28DC200E56032 /* Resources */,
			);
			buildRules = (
			);
			dependencies = (
				98B9D12A1CF28DC200E56032 /* PBXTargetDependency */,
			);
			name = CSRefreshUITests;
			productName = CSRefreshUITests;
			productReference = 98B9D1281CF28DC200E56032 /* CSRefreshUITests.xctest */;
			productType = "com.apple.product-type.bundle.ui-testing";
		};
/* End PBXNativeTarget section */

/* Begin PBXProject section */
		98B9D1011CF28DC100E56032 /* Project object */ = {
			isa = PBXProject;
			attributes = {
				LastSwiftUpdateCheck = 0730;
				LastUpgradeCheck = 0730;
				ORGANIZATIONNAME = crash;
				TargetAttributes = {
					98B9D1081CF28DC100E56032 = {
						CreatedOnToolsVersion = 7.3.1;
					};
					98B9D11C1CF28DC200E56032 = {
						CreatedOnToolsVersion = 7.3.1;
						TestTargetID = 98B9D1081CF28DC100E56032;
					};
					98B9D1271CF28DC200E56032 = {
						CreatedOnToolsVersion = 7.3.1;
						TestTargetID = 98B9D1081CF28DC100E56032;
					};
				};
			};
			buildConfigurationList = 98B9D1041CF28DC100E56032 /* Build configuration list for PBXProject "CSRefresh" */;
			compatibilityVersion = "Xcode 3.2";
			developmentRegion = English;
			hasScannedForEncodings = 0;
			knownRegions = (
				en,
				Base,
			);
			mainGroup = 98B9D1001CF28DC100E56032;
			productRefGroup = 98B9D10A1CF28DC100E56032 /* Products */;
			projectDirPath = "";
			projectRoot = "";
			targets = (
				98B9D1081CF28DC100E56032 /* CSRefresh */,
				98B9D11C1CF28DC200E56032 /* CSRefreshTests */,
				98B9D1271CF28DC200E56032 /* CSRefreshUITests */,
			);
		};
/* End PBXProject section */

/* Begin PBXResourcesBuildPhase section */
		98B9D1071CF28DC100E56032 /* Resources */ = {
			isa = PBXResourcesBuildPhase;
			buildActionMask = 2147483647;
			files = (
				98B9D1171CF28DC200E56032 /* LaunchScreen.storyboard in Resources */,
				98B9D1721CF2902B00E56032 /* MJRefresh.bundle in Resources */,
				98B9D1141CF28DC200E56032 /* Assets.xcassets in Resources */,
			);
			runOnlyForDeploymentPostprocessing = 0;
		};
		98B9D11B1CF28DC200E56032 /* Resources */ = {
			isa = PBXResourcesBuildPhase;
			buildActionMask = 2147483647;
			files = (
			);
			runOnlyForDeploymentPostprocessing = 0;
		};
		98B9D1261CF28DC200E56032 /* Resources */ = {
			isa = PBXResourcesBuildPhase;
			buildActionMask = 2147483647;
			files = (
			);
			runOnlyForDeploymentPostprocessing = 0;
		};
/* End PBXResourcesBuildPhase section */

/* Begin PBXSourcesBuildPhase section */
		98B9D1051CF28DC100E56032 /* Sources */ = {
			isa = PBXSourcesBuildPhase;
			buildActionMask = 2147483647;
			files = (
				98B9D1761CF2902B00E56032 /* MJRefreshHeaderView.m in Sources */,
				98B9D1741CF2902B00E56032 /* MJRefreshConst.m in Sources */,
				98B9D1981CF3552B00E56032 /* UIView+CSRefresh.swift in Sources */,
				98B9D1771CF2902B00E56032 /* UIScrollView+MJExtension.m in Sources */,
				98B9D1731CF2902B00E56032 /* MJRefreshBaseView.m in Sources */,
				98B9D1791CF2902B00E56032 /* UIView+MJExtension.m in Sources */,
				9809F55B1CF4A6CB0033D253 /* CSRefreshConst.swift in Sources */,
				9809F5591CF49B990033D253 /* CSRefreshBaseView.swift in Sources */,
				98B9D1781CF2902B00E56032 /* UIScrollView+MJRefresh.m in Sources */,
				98B9D17B1CF2906F00E56032 /* UIScrollView+CSRefresh.swift in Sources */,
				98B9D1751CF2902B00E56032 /* MJRefreshFooterView.m in Sources */,
				98B9D10D1CF28DC100E56032 /* AppDelegate.swift in Sources */,
			);
			runOnlyForDeploymentPostprocessing = 0;
		};
		98B9D1191CF28DC200E56032 /* Sources */ = {
			isa = PBXSourcesBuildPhase;
			buildActionMask = 2147483647;
			files = (
				98B9D1221CF28DC200E56032 /* CSRefreshTests.swift in Sources */,
			);
			runOnlyForDeploymentPostprocessing = 0;
		};
		98B9D1241CF28DC200E56032 /* Sources */ = {
			isa = PBXSourcesBuildPhase;
			buildActionMask = 2147483647;
			files = (
				98B9D12D1CF28DC200E56032 /* CSRefreshUITests.swift in Sources */,
			);
			runOnlyForDeploymentPostprocessing = 0;
		};
/* End PBXSourcesBuildPhase section */

/* Begin PBXTargetDependency section */
		98B9D11F1CF28DC200E56032 /* PBXTargetDependency */ = {
			isa = PBXTargetDependency;
			target = 98B9D1081CF28DC100E56032 /* CSRefresh */;
			targetProxy = 98B9D11E1CF28DC200E56032 /* PBXContainerItemProxy */;
		};
		98B9D12A1CF28DC200E56032 /* PBXTargetDependency */ = {
			isa = PBXTargetDependency;
			target = 98B9D1081CF28DC100E56032 /* CSRefresh */;
			targetProxy = 98B9D1291CF28DC200E56032 /* PBXContainerItemProxy */;
		};
/* End PBXTargetDependency section */

/* Begin PBXVariantGroup section */
		98B9D1151CF28DC200E56032 /* LaunchScreen.storyboard */ = {
			isa = PBXVariantGroup;
			children = (
				98B9D1161CF28DC200E56032 /* Base */,
			);
			name = LaunchScreen.storyboard;
			sourceTree = "<group>";
		};
/* End PBXVariantGroup section */

/* Begin XCBuildConfiguration section */
		98B9D12F1CF28DC200E56032 /* Debug */ = {
			isa = XCBuildConfiguration;
			buildSettings = {
				ALWAYS_SEARCH_USER_PATHS = NO;
				CLANG_ANALYZER_NONNULL = YES;
				CLANG_CXX_LANGUAGE_STANDARD = "gnu++0x";
				CLANG_CXX_LIBRARY = "libc++";
				CLANG_ENABLE_MODULES = YES;
				CLANG_ENABLE_OBJC_ARC = YES;
				CLANG_WARN_BOOL_CONVERSION = YES;
				CLANG_WARN_CONSTANT_CONVERSION = YES;
				CLANG_WARN_DIRECT_OBJC_ISA_USAGE = YES_ERROR;
				CLANG_WARN_EMPTY_BODY = YES;
				CLANG_WARN_ENUM_CONVERSION = YES;
				CLANG_WARN_INT_CONVERSION = YES;
				CLANG_WARN_OBJC_ROOT_CLASS = YES_ERROR;
				CLANG_WARN_UNREACHABLE_CODE = YES;
				CLANG_WARN__DUPLICATE_METHOD_MATCH = YES;
				"CODE_SIGN_IDENTITY[sdk=iphoneos*]" = "iPhone Developer";
				COPY_PHASE_STRIP = NO;
				DEBUG_INFORMATION_FORMAT = dwarf;
				ENABLE_STRICT_OBJC_MSGSEND = YES;
				ENABLE_TESTABILITY = YES;
				GCC_C_LANGUAGE_STANDARD = gnu99;
				GCC_DYNAMIC_NO_PIC = NO;
				GCC_NO_COMMON_BLOCKS = YES;
				GCC_OPTIMIZATION_LEVEL = 0;
				GCC_PREPROCESSOR_DEFINITIONS = (
					"DEBUG=1",
					"$(inherited)",
				);
				GCC_WARN_64_TO_32_BIT_CONVERSION = YES;
				GCC_WARN_ABOUT_RETURN_TYPE = YES_ERROR;
				GCC_WARN_UNDECLARED_SELECTOR = YES;
				GCC_WARN_UNINITIALIZED_AUTOS = YES_AGGRESSIVE;
				GCC_WARN_UNUSED_FUNCTION = YES;
				GCC_WARN_UNUSED_VARIABLE = YES;
				IPHONEOS_DEPLOYMENT_TARGET = 9.3;
				MTL_ENABLE_DEBUG_INFO = YES;
				ONLY_ACTIVE_ARCH = YES;
				SDKROOT = iphoneos;
				SWIFT_OPTIMIZATION_LEVEL = "-Onone";
			};
			name = Debug;
		};
		98B9D1301CF28DC200E56032 /* Release */ = {
			isa = XCBuildConfiguration;
			buildSettings = {
				ALWAYS_SEARCH_USER_PATHS = NO;
				CLANG_ANALYZER_NONNULL = YES;
				CLANG_CXX_LANGUAGE_STANDARD = "gnu++0x";
				CLANG_CXX_LIBRARY = "libc++";
				CLANG_ENABLE_MODULES = YES;
				CLANG_ENABLE_OBJC_ARC = YES;
				CLANG_WARN_BOOL_CONVERSION = YES;
				CLANG_WARN_CONSTANT_CONVERSION = YES;
				CLANG_WARN_DIRECT_OBJC_ISA_USAGE = YES_ERROR;
				CLANG_WARN_EMPTY_BODY = YES;
				CLANG_WARN_ENUM_CONVERSION = YES;
				CLANG_WARN_INT_CONVERSION = YES;
				CLANG_WARN_OBJC_ROOT_CLASS = YES_ERROR;
				CLANG_WARN_UNREACHABLE_CODE = YES;
				CLANG_WARN__DUPLICATE_METHOD_MATCH = YES;
				"CODE_SIGN_IDENTITY[sdk=iphoneos*]" = "iPhone Developer";
				COPY_PHASE_STRIP = NO;
				DEBUG_INFORMATION_FORMAT = "dwarf-with-dsym";
				ENABLE_NS_ASSERTIONS = NO;
				ENABLE_STRICT_OBJC_MSGSEND = YES;
				GCC_C_LANGUAGE_STANDARD = gnu99;
				GCC_NO_COMMON_BLOCKS = YES;
				GCC_WARN_64_TO_32_BIT_CONVERSION = YES;
				GCC_WARN_ABOUT_RETURN_TYPE = YES_ERROR;
				GCC_WARN_UNDECLARED_SELECTOR = YES;
				GCC_WARN_UNINITIALIZED_AUTOS = YES_AGGRESSIVE;
				GCC_WARN_UNUSED_FUNCTION = YES;
				GCC_WARN_UNUSED_VARIABLE = YES;
				IPHONEOS_DEPLOYMENT_TARGET = 9.3;
				MTL_ENABLE_DEBUG_INFO = NO;
				SDKROOT = iphoneos;
				VALIDATE_PRODUCT = YES;
			};
			name = Release;
		};
		98B9D1321CF28DC200E56032 /* Debug */ = {
			isa = XCBuildConfiguration;
			buildSettings = {
				ASSETCATALOG_COMPILER_APPICON_NAME = AppIcon;
				CLANG_ENABLE_MODULES = YES;
				ENABLE_STRICT_OBJC_MSGSEND = NO;
				INFOPLIST_FILE = CSRefresh/Info.plist;
				LD_RUNPATH_SEARCH_PATHS = "$(inherited) @executable_path/Frameworks";
				PRODUCT_BUNDLE_IDENTIFIER = com.southgis.CSRefresh;
				PRODUCT_NAME = "$(TARGET_NAME)";
				SWIFT_OBJC_BRIDGING_HEADER = "CSRefresh/CSRefresh-Bridging-Header.h";
				SWIFT_OPTIMIZATION_LEVEL = "-Onone";
			};
			name = Debug;
		};
		98B9D1331CF28DC200E56032 /* Release */ = {
			isa = XCBuildConfiguration;
			buildSettings = {
				ASSETCATALOG_COMPILER_APPICON_NAME = AppIcon;
				CLANG_ENABLE_MODULES = YES;
				ENABLE_STRICT_OBJC_MSGSEND = NO;
				INFOPLIST_FILE = CSRefresh/Info.plist;
				LD_RUNPATH_SEARCH_PATHS = "$(inherited) @executable_path/Frameworks";
				PRODUCT_BUNDLE_IDENTIFIER = com.southgis.CSRefresh;
				PRODUCT_NAME = "$(TARGET_NAME)";
				SWIFT_OBJC_BRIDGING_HEADER = "CSRefresh/CSRefresh-Bridging-Header.h";
			};
			name = Release;
		};
		98B9D1351CF28DC200E56032 /* Debug */ = {
			isa = XCBuildConfiguration;
			buildSettings = {
				BUNDLE_LOADER = "$(TEST_HOST)";
				INFOPLIST_FILE = CSRefreshTests/Info.plist;
				LD_RUNPATH_SEARCH_PATHS = "$(inherited) @executable_path/Frameworks @loader_path/Frameworks";
				PRODUCT_BUNDLE_IDENTIFIER = com.southgis.CSRefreshTests;
				PRODUCT_NAME = "$(TARGET_NAME)";
				TEST_HOST = "$(BUILT_PRODUCTS_DIR)/CSRefresh.app/CSRefresh";
			};
			name = Debug;
		};
		98B9D1361CF28DC200E56032 /* Release */ = {
			isa = XCBuildConfiguration;
			buildSettings = {
				BUNDLE_LOADER = "$(TEST_HOST)";
				INFOPLIST_FILE = CSRefreshTests/Info.plist;
				LD_RUNPATH_SEARCH_PATHS = "$(inherited) @executable_path/Frameworks @loader_path/Frameworks";
				PRODUCT_BUNDLE_IDENTIFIER = com.southgis.CSRefreshTests;
				PRODUCT_NAME = "$(TARGET_NAME)";
				TEST_HOST = "$(BUILT_PRODUCTS_DIR)/CSRefresh.app/CSRefresh";
			};
			name = Release;
		};
		98B9D1381CF28DC200E56032 /* Debug */ = {
			isa = XCBuildConfiguration;
			buildSettings = {
				INFOPLIST_FILE = CSRefreshUITests/Info.plist;
				LD_RUNPATH_SEARCH_PATHS = "$(inherited) @executable_path/Frameworks @loader_path/Frameworks";
				PRODUCT_BUNDLE_IDENTIFIER = com.southgis.CSRefreshUITests;
				PRODUCT_NAME = "$(TARGET_NAME)";
				TEST_TARGET_NAME = CSRefresh;
			};
			name = Debug;
		};
		98B9D1391CF28DC200E56032 /* Release */ = {
			isa = XCBuildConfiguration;
			buildSettings = {
				INFOPLIST_FILE = CSRefreshUITests/Info.plist;
				LD_RUNPATH_SEARCH_PATHS = "$(inherited) @executable_path/Frameworks @loader_path/Frameworks";
				PRODUCT_BUNDLE_IDENTIFIER = com.southgis.CSRefreshUITests;
				PRODUCT_NAME = "$(TARGET_NAME)";
				TEST_TARGET_NAME = CSRefresh;
			};
			name = Release;
		};
/* End XCBuildConfiguration section */

/* Begin XCConfigurationList section */
		98B9D1041CF28DC100E56032 /* Build configuration list for PBXProject "CSRefresh" */ = {
			isa = XCConfigurationList;
			buildConfigurations = (
				98B9D12F1CF28DC200E56032 /* Debug */,
				98B9D1301CF28DC200E56032 /* Release */,
			);
			defaultConfigurationIsVisible = 0;
			defaultConfigurationName = Release;
		};
		98B9D1311CF28DC200E56032 /* Build configuration list for PBXNativeTarget "CSRefresh" */ = {
			isa = XCConfigurationList;
			buildConfigurations = (
				98B9D1321CF28DC200E56032 /* Debug */,
				98B9D1331CF28DC200E56032 /* Release */,
			);
			defaultConfigurationIsVisible = 0;
			defaultConfigurationName = Release;
		};
		98B9D1341CF28DC200E56032 /* Build configuration list for PBXNativeTarget "CSRefreshTests" */ = {
			isa = XCConfigurationList;
			buildConfigurations = (
				98B9D1351CF28DC200E56032 /* Debug */,
				98B9D1361CF28DC200E56032 /* Release */,
			);
			defaultConfigurationIsVisible = 0;
			defaultConfigurationName = Release;
		};
		98B9D1371CF28DC200E56032 /* Build configuration list for PBXNativeTarget "CSRefreshUITests" */ = {
			isa = XCConfigurationList;
			buildConfigurations = (
				98B9D1381CF28DC200E56032 /* Debug */,
				98B9D1391CF28DC200E56032 /* Release */,
			);
			defaultConfigurationIsVisible = 0;
			defaultConfigurationName = Release;
		};
/* End XCConfigurationList section */
	};
	rootObject = 98B9D1011CF28DC100E56032 /* Project object */;
}
